
Microsoft Visual Studio Solution File, Format Version 12.00
# Visual Studio Version 17
VisualStudioVersion = 17.8.34902.127
MinimumVisualStudioVersion = 10.0.40219.1
Project("{FAE04EC0-301F-11D3-BF4B-00C04F79EFBC}") = "RtspRecorder", "RtspRecorder\RtspRecorder.csproj", "{A42B2EE6-640B-4DC1-9A8F-9F4EDE6F650C}"
EndProject
Global
	GlobalSection(SolutionConfigurationPlatforms) = preSolution
		Debug|Any CPU = Debug|Any CPU
		Debug|x64 = Debug|x64
		Release|Any CPU = Release|Any CPU
		Release|x64 = Release|x64
	EndGlobalSection
	GlobalSection(ProjectConfigurationPlatforms) = postSolution
		{A42B2EE6-640B-4DC1-9A8F-9F4EDE6F650C}.Debug|Any CPU.ActiveCfg = Debug|Any CPU
		{A42B2EE6-640B-4DC1-9A8F-9F4EDE6F650C}.Debug|Any CPU.Build.0 = Debug|Any CPU
		{A42B2EE6-640B-4DC1-9A8F-9F4EDE6F650C}.Debug|x64.ActiveCfg = Debug|x64
		{A42B2EE6-640B-4DC1-9A8F-9F4EDE6F650C}.Debug|x64.Build.0 = Debug|x64
		{A42B2EE6-640B-4DC1-9A8F-9F4EDE6F650C}.Release|Any CPU.ActiveCfg = Release|Any CPU
		{A42B2EE6-640B-4DC1-9A8F-9F4EDE6F650C}.Release|Any CPU.Build.0 = Release|Any CPU
		{A42B2EE6-640B-4DC1-9A8F-9F4EDE6F650C}.Release|x64.ActiveCfg = Release|x64
		{A42B2EE6-640B-4DC1-9A8F-9F4EDE6F650C}.Release|x64.Build.0 = Release|x64
	EndGlobalSection
	GlobalSection(SolutionProperties) = preSolution
		HideSolutionNode = FALSE
	EndGlobalSection
	GlobalSection(ExtensibilityGlobals) = postSolution
		SolutionGuid = {A98EB1A8-5B29-4445-84AA-E7F7C852584D}
	EndGlobalSection
EndGlobal
